// !$*UTF8*$!
{
	archiveVersion = 1;
	classes = {
	};
	objectVersion = 55;
	objects = {

/* Begin PBXBuildFile section */
		55AB9CFC2848AC77001DEF61 /* mininotev2App.swift in Sources */ = {isa = PBXBuildFile; fileRef = 55AB9CFB2848AC77001DEF61 /* mininotev2App.swift */; };
		55AB9CFE2848AC77001DEF61 /* ContentView.swift in Sources */ = {isa = PBXBuildFile; fileRef = 55AB9CFD2848AC77001DEF61 /* ContentView.swift */; };
		55AB9D002848AC7A001DEF61 /* Assets.xcassets in Resources */ = {isa = PBXBuildFile; fileRef = 55AB9CFF2848AC7A001DEF61 /* Assets.xcassets */; };
		55AB9D032848AC7A001DEF61 /* Preview Assets.xcassets in Resources */ = {isa = PBXBuildFile; fileRef = 55AB9D022848AC7A001DEF61 /* Preview Assets.xcassets */; };
		55AB9D0A2848B828001DEF61 /* MyNotes.swift in Sources */ = {isa = PBXBuildFile; fileRef = 55AB9D092848B828001DEF61 /* MyNotes.swift */; };
		55AB9D0C2848C27C001DEF61 /* FolderView.swift in Sources */ = {isa = PBXBuildFile; fileRef = 55AB9D0B2848C27C001DEF61 /* FolderView.swift */; };
		55AB9D0E2848CA13001DEF61 /* NoteView.swift in Sources */ = {isa = PBXBuildFile; fileRef = 55AB9D0D2848CA13001DEF61 /* NoteView.swift */; };
/* End PBXBuildFile section */

/* Begin PBXFileReference section */
		55AB9CF82848AC77001DEF61 /* mininotev2.app */ = {isa = PBXFileReference; explicitFileType = wrapper.application; includeInIndex = 0; path = mininotev2.app; sourceTree = BUILT_PRODUCTS_DIR; };
		55AB9CFB2848AC77001DEF61 /* mininotev2App.swift */ = {isa = PBXFileReference; lastKnownFileType = sourcecode.swift; path = mininotev2App.swift; sourceTree = "<group>"; };
		55AB9CFD2848AC77001DEF61 /* ContentView.swift */ = {isa = PBXFileReference; lastKnownFileType = sourcecode.swift; path = ContentView.swift; sourceTree = "<group>"; };
		55AB9CFF2848AC7A001DEF61 /* Assets.xcassets */ = {isa = PBXFileReference; lastKnownFileType = folder.assetcatalog; path = Assets.xcassets; sourceTree = "<group>"; };
		55AB9D022848AC7A001DEF61 /* Preview Assets.xcassets */ = {isa = PBXFileReference; lastKnownFileType = folder.assetcatalog; path = "Preview Assets.xcassets"; sourceTree = "<group>"; };
		55AB9D092848B828001DEF61 /* MyNotes.swift */ = {isa = PBXFileReference; lastKnownFileType = sourcecode.swift; path = MyNotes.swift; sourceTree = "<group>"; };
		55AB9D0B2848C27C001DEF61 /* FolderView.swift */ = {isa = PBXFileReference; lastKnownFileType = sourcecode.swift; path = FolderView.swift; sourceTree = "<group>"; };
		55AB9D0D2848CA13001DEF61 /* NoteView.swift */ = {isa = PBXFileReference; lastKnownFileType = sourcecode.swift; path = NoteView.swift; sourceTree = "<group>"; };
/* End PBXFileReference section */

/* Begin PBXFrameworksBuildPhase section */
		55AB9CF52848AC77001DEF61 /* Frameworks */ = {
			isa = PBXFrameworksBuildPhase;
			buildActionMask = 2147483647;
			files = (
			);
			runOnlyForDeploymentPostprocessing = 0;
		};
/* End PBXFrameworksBuildPhase section */

/* Begin PBXGroup section */
		55AB9CEF2848AC77001DEF61 = {
			isa = PBXGroup;
			children = (
				55AB9CFA2848AC77001DEF61 /* mininotev2 */,
				55AB9CF92848AC77001DEF61 /* Products */,
			);
			sourceTree = "<group>";
		};
		55AB9CF92848AC77001DEF61 /* Products */ = {
			isa = PBXGroup;
			children = (
				55AB9CF82848AC77001DEF61 /* mininotev2.app */,
			);
			name = Products;
			sourceTree = "<group>";
		};
		55AB9CFA2848AC77001DEF61 /* mininotev2 */ = {
			isa = PBXGroup;
			children = (
				55AB9CFB2848AC77001DEF61 /* mininotev2App.swift */,
				55AB9CFD2848AC77001DEF61 /* ContentView.swift */,
				55AB9D092848B828001DEF61 /* MyNotes.swift */,
				55AB9D0B2848C27C001DEF61 /* FolderView.swift */,
				55AB9CFF2848AC7A001DEF61 /* Assets.xcassets */,
				55AB9D012848AC7A001DEF61 /* Preview Content */,
				55AB9D0D2848CA13001DEF61 /* NoteView.swift */,
			);
			path = mininotev2;
			sourceTree = "<group>";
		};
		55AB9D012848AC7A001DEF61 /* Preview Content */ = {
			isa = PBXGroup;
			children = (
				55AB9D022848AC7A001DEF61 /* Preview Assets.xcassets */,
			);
			path = "Preview Content";
			sourceTree = "<group>";
		};
/* End PBXGroup section */

/* Begin PBXNativeTarget section */
		55AB9CF72848AC77001DEF61 /* mininotev2 */ = {
			isa = PBXNativeTarget;
			buildConfigurationList = 55AB9D062848AC7A001DEF61 /* Build configuration list for PBXNativeTarget "mininotev2" */;
			buildPhases = (
				55AB9CF42848AC77001DEF61 /* Sources */,
				55AB9CF52848AC77001DEF61 /* Frameworks */,
				55AB9CF62848AC77001DEF61 /* Resources */,
			);
			buildRules = (
			);
			dependencies = (
			);
			name = mininotev2;
			productName = mininotev2;
			productReference = 55AB9CF82848AC77001DEF61 /* mininotev2.app */;
			productType = "com.apple.product-type.application";
		};
/* End PBXNativeTarget section */

/* Begin PBXProject section */
		55AB9CF02848AC77001DEF61 /* Project object */ = {
			isa = PBXProject;
			attributes = {
				BuildIndependentTargetsInParallel = 1;
				LastSwiftUpdateCheck = 1340;
				LastUpgradeCheck = 1340;
				TargetAttributes = {
					55AB9CF72848AC77001DEF61 = {
						CreatedOnToolsVersion = 13.4;
					};
				};
			};
			buildConfigurationList = 55AB9CF32848AC77001DEF61 /* Build configuration list for PBXProject "mininotev2" */;
			compatibilityVersion = "Xcode 13.0";
			developmentRegion = en;
			hasScannedForEncodings = 0;
			knownRegions = (
				en,
				Base,
			);
			mainGroup = 55AB9CEF2848AC77001DEF61;
			productRefGroup = 55AB9CF92848AC77001DEF61 /* Products */;
			projectDirPath = "";
			projectRoot = "";
			targets = (
				55AB9CF72848AC77001DEF61 /* mininotev2 */,
			);
		};
/* End PBXProject section */

/* Begin PBXResourcesBuildPhase section */
		55AB9CF62848AC77001DEF61 /* Resources */ = {
			isa = PBXResourcesBuildPhase;
			buildActionMask = 2147483647;
			files = (
				55AB9D032848AC7A001DEF61 /* Preview Assets.xcassets in Resources */,
				55AB9D002848AC7A001DEF61 /* Assets.xcassets in Resources */,
			);
			runOnlyForDeploymentPostprocessing = 0;
		};
/* End PBXResourcesBuildPhase section */

/* Begin PBXSourcesBuildPhase section */
		55AB9CF42848AC77001DEF61 /* Sources */ = {
			isa = PBXSourcesBuildPhase;
			buildActionMask = 2147483647;
			files = (
				55AB9CFE2848AC77001DEF61 /* ContentView.swift in Sources */,
				55AB9D0E2848CA13001DEF61 /* NoteView.swift in Sources */,
				55AB9CFC2848AC77001DEF61 /* mininotev2App.swift in Sources */,
				55AB9D0C2848C27C001DEF61 /* FolderView.swift in Sources */,
				55AB9D0A2848B828001DEF61 /* MyNotes.swift in Sources */,
			);
			runOnlyForDeploymentPostprocessing = 0;
		};
/* End PBXSourcesBuildPhase section */

/* Begin XCBuildConfiguration section */
		55AB9D042848AC7A001DEF61 /* Debug */ = {
			isa = XCBuildConfiguration;
			buildSettings = {
				ALWAYS_SEARCH_USER_PATHS = NO;
				CLANG_ANALYZER_NONNULL = YES;
				CLANG_ANALYZER_NUMBER_OBJECT_CONVERSION = YES_AGGRESSIVE;
				CLANG_CXX_LANGUAGE_STANDARD = "gnu++17";
				CLANG_ENABLE_MODULES = YES;
				CLANG_ENABLE_OBJC_ARC = YES;
				CLANG_ENABLE_OBJC_WEAK = YES;
				CLANG_WARN_BLOCK_CAPTURE_AUTORELEASING = YES;
				CLANG_WARN_BOOL_CONVERSION = YES;
				CLANG_WARN_COMMA = YES;
				CLANG_WARN_CONSTANT_CONVERSION = YES;
				CLANG_WARN_DEPRECATED_OBJC_IMPLEMENTATIONS = YES;
				CLANG_WARN_DIRECT_OBJC_ISA_USAGE = YES_ERROR;
				CLANG_WARN_DOCUMENTATION_COMMENTS = YES;
				CLANG_WARN_EMPTY_BODY = YES;
				CLANG_WARN_ENUM_CONVERSION = YES;
				CLANG_WARN_INFINITE_RECURSION = YES;
				CLANG_WARN_INT_CONVERSION = YES;
				CLANG_WARN_NON_LITERAL_NULL_CONVERSION = YES;
				CLANG_WARN_OBJC_IMPLICIT_RETAIN_SELF = YES;
				CLANG_WARN_OBJC_LITERAL_CONVERSION = YES;
				CLANG_WARN_OBJC_ROOT_CLASS = YES_ERROR;
				CLANG_WARN_QUOTED_INCLUDE_IN_FRAMEWORK_HEADER = YES;
				CLANG_WARN_RANGE_LOOP_ANALYSIS = YES;
				CLANG_WARN_STRICT_PROTOTYPES = YES;
				CLANG_WARN_SUSPICIOUS_MOVE = YES;
				CLANG_WARN_UNGUARDED_AVAILABILITY = YES_AGGRESSIVE;
				CLANG_WARN_UNREACHABLE_CODE = YES;
				CLANG_WARN__DUPLICATE_METHOD_MATCH = YES;
				COPY_PHASE_STRIP = NO;
				DEBUG_INFORMATION_FORMAT = dwarf;
				ENABLE_STRICT_OBJC_MSGSEND = YES;
				ENABLE_TESTABILITY = YES;
				GCC_C_LANGUAGE_STANDARD = gnu11;
				GCC_DYNAMIC_NO_PIC = NO;
				GCC_NO_COMMON_BLOCKS = YES;
				GCC_OPTIMIZATION_LEVEL = 0;
				GCC_PREPROCESSOR_DEFINITIONS = (
					"DEBUG=1",
					"$(inherited)",
				);
				GCC_WARN_64_TO_32_BIT_CONVERSION = YES;
				GCC_WARN_ABOUT_RETURN_TYPE = YES_ERROR;
				GCC_WARN_UNDECLARED_SELECTOR = YES;
				GCC_WARN_UNINITIALIZED_AUTOS = YES_AGGRESSIVE;
				GCC_WARN_UNUSED_FUNCTION = YES;
				GCC_WARN_UNUSED_VARIABLE = YES;
				IPHONEOS_DEPLOYMENT_TARGET = 15.5;
				MTL_ENABLE_DEBUG_INFO = INCLUDE_SOURCE;
				MTL_FAST_MATH = YES;
				ONLY_ACTIVE_ARCH = YES;
				SDKROOT = iphoneos;
				SWIFT_ACTIVE_COMPILATION_CONDITIONS = DEBUG;
				SWIFT_OPTIMIZATION_LEVEL = "-Onone";
			};
			name = Debug;
		};
		55AB9D052848AC7A001DEF61 /* Release */ = {
			isa = XCBuildConfiguration;
			buildSettings = {
				ALWAYS_SEARCH_USER_PATHS = NO;
				CLANG_ANALYZER_NONNULL = YES;
				CLANG_ANALYZER_NUMBER_OBJECT_CONVERSION = YES_AGGRESSIVE;
				CLANG_CXX_LANGUAGE_STANDARD = "gnu++17";
				CLANG_ENABLE_MODULES = YES;
				CLANG_ENABLE_OBJC_ARC = YES;
				CLANG_ENABLE_OBJC_WEAK = YES;
				CLANG_WARN_BLOCK_CAPTURE_AUTORELEASING = YES;
				CLANG_WARN_BOOL_CONVERSION = YES;
				CLANG_WARN_COMMA = YES;
				CLANG_WARN_CONSTANT_CONVERSION = YES;
				CLANG_WARN_DEPRECATED_OBJC_IMPLEMENTATIONS = YES;
				CLANG_WARN_DIRECT_OBJC_ISA_USAGE = YES_ERROR;
				CLANG_WARN_DOCUMENTATION_COMMENTS = YES;
				CLANG_WARN_EMPTY_BODY = YES;
				CLANG_WARN_ENUM_CONVERSION = YES;
				CLANG_WARN_INFINITE_RECURSION = YES;
				CLANG_WARN_INT_CONVERSION = YES;
				CLANG_WARN_NON_LITERAL_NULL_CONVERSION = YES;
				CLANG_WARN_OBJC_IMPLICIT_RETAIN_SELF = YES;
				CLANG_WARN_OBJC_LITERAL_CONVERSION = YES;
				CLANG_WARN_OBJC_ROOT_CLASS = YES_ERROR;
				CLANG_WARN_QUOTED_INCLUDE_IN_FRAMEWORK_HEADER = YES;
				CLANG_WARN_RANGE_LOOP_ANALYSIS = YES;
				CLANG_WARN_STRICT_PROTOTYPES = YES;
				CLANG_WARN_SUSPICIOUS_MOVE = YES;
				CLANG_WARN_UNGUARDED_AVAILABILITY = YES_AGGRESSIVE;
				CLANG_WARN_UNREACHABLE_CODE = YES;
				CLANG_WARN__DUPLICATE_METHOD_MATCH = YES;
				COPY_PHASE_STRIP = NO;
				DEBUG_INFORMATION_FORMAT = "dwarf-with-dsym";
				ENABLE_NS_ASSERTIONS = NO;
				ENABLE_STRICT_OBJC_MSGSEND = YES;
				GCC_C_LANGUAGE_STANDARD = gnu11;
				GCC_NO_COMMON_BLOCKS = YES;
				GCC_WARN_64_TO_32_BIT_CONVERSION = YES;
				GCC_WARN_ABOUT_RETURN_TYPE = YES_ERROR;
				GCC_WARN_UNDECLARED_SELECTOR = YES;
				GCC_WARN_UNINITIALIZED_AUTOS = YES_AGGRESSIVE;
				GCC_WARN_UNUSED_FUNCTION = YES;
				GCC_WARN_UNUSED_VARIABLE = YES;
				IPHONEOS_DEPLOYMENT_TARGET = 15.5;
				MTL_ENABLE_DEBUG_INFO = NO;
				MTL_FAST_MATH = YES;
				SDKROOT = iphoneos;
				SWIFT_COMPILATION_MODE = wholemodule;
				SWIFT_OPTIMIZATION_LEVEL = "-O";
				VALIDATE_PRODUCT = YES;
			};
			name = Release;
		};
		55AB9D072848AC7A001DEF61 /* Debug */ = {
			isa = XCBuildConfiguration;
			buildSettings = {
				ASSETCATALOG_COMPILER_APPICON_NAME = AppIcon;
				ASSETCATALOG_COMPILER_GLOBAL_ACCENT_COLOR_NAME = AccentColor;
				CODE_SIGN_STYLE = Automatic;
				CURRENT_PROJECT_VERSION = 1;
				DEVELOPMENT_ASSET_PATHS = "\"mininotev2/Preview Content\"";
				DEVELOPMENT_TEAM = PW97DDS2VR;
				ENABLE_PREVIEWS = YES;
				GENERATE_INFOPLIST_FILE = YES;
				INFOPLIST_KEY_UIApplicationSceneManifest_Generation = YES;
				INFOPLIST_KEY_UIApplicationSupportsIndirectInputEvents = YES;
				INFOPLIST_KEY_UILaunchScreen_Generation = YES;
				INFOPLIST_KEY_UISupportedInterfaceOrientations_iPad = "UIInterfaceOrientationPortrait UIInterfaceOrientationPortraitUpsideDown UIInterfaceOrientationLandscapeLeft UIInterfaceOrientationLandscapeRight";
				INFOPLIST_KEY_UISupportedInterfaceOrientations_iPhone = "UIInterfaceOrientationPortrait UIInterfaceOrientationLandscapeLeft UIInterfaceOrientationLandscapeRight";
				LD_RUNPATH_SEARCH_PATHS = (
					"$(inherited)",
					"@executable_path/Frameworks",
				);
				MARKETING_VERSION = 1.0;
				PRODUCT_BUNDLE_IDENTIFIER = com.rmit.mininotev2;
				PRODUCT_NAME = "$(TARGET_NAME)";
				SWIFT_EMIT_LOC_STRINGS = YES;
				SWIFT_VERSION = 5.0;
				TARGETED_DEVICE_FAMILY = "1,2";
			};
			name = Debug;
		};
		55AB9D082848AC7A001DEF61 /* Release */ = {
			isa = XCBuildConfiguration;
			buildSettings = {
				ASSETCATALOG_COMPILER_APPICON_NAME = AppIcon;
				ASSETCATALOG_COMPILER_GLOBAL_ACCENT_COLOR_NAME = AccentColor;
				CODE_SIGN_STYLE = Automatic;
				CURRENT_PROJECT_VERSION = 1;
				DEVELOPMENT_ASSET_PATHS = "\"mininotev2/Preview Content\"";
				DEVELOPMENT_TEAM = PW97DDS2VR;
				ENABLE_PREVIEWS = YES;
				GENERATE_INFOPLIST_FILE = YES;
				INFOPLIST_KEY_UIApplicationSceneManifest_Generation = YES;
				INFOPLIST_KEY_UIApplicationSupportsIndirectInputEvents = YES;
				INFOPLIST_KEY_UILaunchScreen_Generation = YES;
				INFOPLIST_KEY_UISupportedInterfaceOrientations_iPad = "UIInterfaceOrientationPortrait UIInterfaceOrientationPortraitUpsideDown UIInterfaceOrientationLandscapeLeft UIInterfaceOrientationLandscapeRight";
				INFOPLIST_KEY_UISupportedInterfaceOrientations_iPhone = "UIInterfaceOrientationPortrait UIInterfaceOrientationLandscapeLeft UIInterfaceOrientationLandscapeRight";
				LD_RUNPATH_SEARCH_PATHS = (
					"$(inherited)",
					"@executable_path/Frameworks",
				);
				MARKETING_VERSION = 1.0;
				PRODUCT_BUNDLE_IDENTIFIER = com.rmit.mininotev2;
				PRODUCT_NAME = "$(TARGET_NAME)";
				SWIFT_EMIT_LOC_STRINGS = YES;
				SWIFT_VERSION = 5.0;
				TARGETED_DEVICE_FAMILY = "1,2";
			};
			name = Release;
		};
/* End XCBuildConfiguration section */

/* Begin XCConfigurationList section */
		55AB9CF32848AC77001DEF61 /* Build configuration list for PBXProject "mininotev2" */ = {
			isa = XCConfigurationList;
			buildConfigurations = (
				55AB9D042848AC7A001DEF61 /* Debug */,
				55AB9D052848AC7A001DEF61 /* Release */,
			);
			defaultConfigurationIsVisible = 0;
			defaultConfigurationName = Release;
		};
		55AB9D062848AC7A001DEF61 /* Build configuration list for PBXNativeTarget "mininotev2" */ = {
			isa = XCConfigurationList;
			buildConfigurations = (
				55AB9D072848AC7A001DEF61 /* Debug */,
				55AB9D082848AC7A001DEF61 /* Release */,
			);
			defaultConfigurationIsVisible = 0;
			defaultConfigurationName = Release;
		};
/* End XCConfigurationList section */
	};
	rootObject = 55AB9CF02848AC77001DEF61 /* Project object */;
}
